
Microsoft Visual Studio Solution File, Format Version 12.00
# Visual Studio Version 17
VisualStudioVersion = 17.0.31903.59
MinimumVisualStudioVersion = 10.0.40219.1
Project("{2150E333-8FDC-42A3-9474-1A3956D46DE8}") = "vis", "vis", "{B11569FB-310C-CD80-7E85-BA1914021490}"
EndProject
Project("{FAE04EC0-301F-11D3-BF4B-00C04F79EFBC}") = "Ritgard", "vis\Ritgard.csproj", "{0AC6EDFB-DA00-43AF-9F7B-988ADFABF133}"
EndProject
Project("{2150E333-8FDC-42A3-9474-1A3956D46DE8}") = "console", "console", "{09D8FB36-4898-7C8E-B3F7-02AC6C3AAC25}"
EndProject
Project("{FAE04EC0-301F-11D3-BF4B-00C04F79EFBC}") = "Ritgard.Console", "console\Ritgard.Console.csproj", "{6BBB213B-1C57-41E3-BCE7-668708611F63}"
EndProject
Project("{2150E333-8FDC-42A3-9474-1A3956D46DE8}") = "mining", "mining", "{04107616-D916-0EED-B594-AF01AB8247EE}"
	ProjectSection(SolutionItems) = preProject
		Utils.GitHub.cs = Utils.GitHub.cs
	EndProjectSection
EndProject
Project("{FAE04EC0-301F-11D3-BF4B-00C04F79EFBC}") = "Ritgard.Mining", "mining\Ritgard.Mining.csproj", "{10448306-2E2E-47F3-86DA-0D439E1DF6CE}"
EndProject
Project("{2150E333-8FDC-42A3-9474-1A3956D46DE8}") = "submodules", "submodules", "{B3415621-5EBA-1A55-0B57-0078FEC59DC7}"
EndProject
Project("{2150E333-8FDC-42A3-9474-1A3956D46DE8}") = "NetTopologySuite", "NetTopologySuite", "{D827F2FF-F78F-2DEA-D0B2-468ADC96E803}"
EndProject
Project("{2150E333-8FDC-42A3-9474-1A3956D46DE8}") = "src", "src", "{76EDE0B0-D440-7CC8-DD2F-CC4AEEB9F74A}"
EndProject
Project("{FAE04EC0-301F-11D3-BF4B-00C04F79EFBC}") = "NetTopologySuite", "submodules\NetTopologySuite\src\NetTopologySuite\NetTopologySuite.csproj", "{C41CE3ED-E560-4930-B905-7DEF3CFBB3DA}"
EndProject
Global
	GlobalSection(SolutionConfigurationPlatforms) = preSolution
		Debug|Any CPU = Debug|Any CPU
		Debug|x64 = Debug|x64
		Debug|x86 = Debug|x86
		Release|Any CPU = Release|Any CPU
		Release|x64 = Release|x64
		Release|x86 = Release|x86
	EndGlobalSection
	GlobalSection(ProjectConfigurationPlatforms) = postSolution
		{0AC6EDFB-DA00-43AF-9F7B-988ADFABF133}.Debug|Any CPU.ActiveCfg = Debug|Any CPU
		{0AC6EDFB-DA00-43AF-9F7B-988ADFABF133}.Debug|Any CPU.Build.0 = Debug|Any CPU
		{0AC6EDFB-DA00-43AF-9F7B-988ADFABF133}.Debug|x64.ActiveCfg = Debug|Any CPU
		{0AC6EDFB-DA00-43AF-9F7B-988ADFABF133}.Debug|x64.Build.0 = Debug|Any CPU
		{0AC6EDFB-DA00-43AF-9F7B-988ADFABF133}.Debug|x86.ActiveCfg = Debug|Any CPU
		{0AC6EDFB-DA00-43AF-9F7B-988ADFABF133}.Debug|x86.Build.0 = Debug|Any CPU
		{0AC6EDFB-DA00-43AF-9F7B-988ADFABF133}.Release|Any CPU.ActiveCfg = Debug|Any CPU
		{0AC6EDFB-DA00-43AF-9F7B-988ADFABF133}.Release|Any CPU.Build.0 = Debug|Any CPU
		{0AC6EDFB-DA00-43AF-9F7B-988ADFABF133}.Release|x64.ActiveCfg = Debug|Any CPU
		{0AC6EDFB-DA00-43AF-9F7B-988ADFABF133}.Release|x64.Build.0 = Debug|Any CPU
		{0AC6EDFB-DA00-43AF-9F7B-988ADFABF133}.Release|x86.ActiveCfg = Debug|Any CPU
		{0AC6EDFB-DA00-43AF-9F7B-988ADFABF133}.Release|x86.Build.0 = Debug|Any CPU
		{6BBB213B-1C57-41E3-BCE7-668708611F63}.Debug|Any CPU.ActiveCfg = Debug|Any CPU
		{6BBB213B-1C57-41E3-BCE7-668708611F63}.Debug|Any CPU.Build.0 = Debug|Any CPU
		{6BBB213B-1C57-41E3-BCE7-668708611F63}.Debug|x64.ActiveCfg = Debug|Any CPU
		{6BBB213B-1C57-41E3-BCE7-668708611F63}.Debug|x64.Build.0 = Debug|Any CPU
		{6BBB213B-1C57-41E3-BCE7-668708611F63}.Debug|x86.ActiveCfg = Debug|Any CPU
		{6BBB213B-1C57-41E3-BCE7-668708611F63}.Debug|x86.Build.0 = Debug|Any CPU
		{6BBB213B-1C57-41E3-BCE7-668708611F63}.Release|Any CPU.ActiveCfg = Release|Any CPU
		{6BBB213B-1C57-41E3-BCE7-668708611F63}.Release|Any CPU.Build.0 = Release|Any CPU
		{6BBB213B-1C57-41E3-BCE7-668708611F63}.Release|x64.ActiveCfg = Release|Any CPU
		{6BBB213B-1C57-41E3-BCE7-668708611F63}.Release|x64.Build.0 = Release|Any CPU
		{6BBB213B-1C57-41E3-BCE7-668708611F63}.Release|x86.ActiveCfg = Release|Any CPU
		{6BBB213B-1C57-41E3-BCE7-668708611F63}.Release|x86.Build.0 = Release|Any CPU
		{10448306-2E2E-47F3-86DA-0D439E1DF6CE}.Debug|Any CPU.ActiveCfg = Debug|Any CPU
		{10448306-2E2E-47F3-86DA-0D439E1DF6CE}.Debug|Any CPU.Build.0 = Debug|Any CPU
		{10448306-2E2E-47F3-86DA-0D439E1DF6CE}.Debug|x64.ActiveCfg = Debug|Any CPU
		{10448306-2E2E-47F3-86DA-0D439E1DF6CE}.Debug|x64.Build.0 = Debug|Any CPU
		{10448306-2E2E-47F3-86DA-0D439E1DF6CE}.Debug|x86.ActiveCfg = Debug|Any CPU
		{10448306-2E2E-47F3-86DA-0D439E1DF6CE}.Debug|x86.Build.0 = Debug|Any CPU
		{10448306-2E2E-47F3-86DA-0D439E1DF6CE}.Release|Any CPU.ActiveCfg = Release|Any CPU
		{10448306-2E2E-47F3-86DA-0D439E1DF6CE}.Release|Any CPU.Build.0 = Release|Any CPU
		{10448306-2E2E-47F3-86DA-0D439E1DF6CE}.Release|x64.ActiveCfg = Release|Any CPU
		{10448306-2E2E-47F3-86DA-0D439E1DF6CE}.Release|x64.Build.0 = Release|Any CPU
		{10448306-2E2E-47F3-86DA-0D439E1DF6CE}.Release|x86.ActiveCfg = Release|Any CPU
		{10448306-2E2E-47F3-86DA-0D439E1DF6CE}.Release|x86.Build.0 = Release|Any CPU
		{C41CE3ED-E560-4930-B905-7DEF3CFBB3DA}.Debug|Any CPU.ActiveCfg = Debug|Any CPU
		{C41CE3ED-E560-4930-B905-7DEF3CFBB3DA}.Debug|Any CPU.Build.0 = Debug|Any CPU
		{C41CE3ED-E560-4930-B905-7DEF3CFBB3DA}.Debug|x64.ActiveCfg = Debug|Any CPU
		{C41CE3ED-E560-4930-B905-7DEF3CFBB3DA}.Debug|x64.Build.0 = Debug|Any CPU
		{C41CE3ED-E560-4930-B905-7DEF3CFBB3DA}.Debug|x86.ActiveCfg = Debug|Any CPU
		{C41CE3ED-E560-4930-B905-7DEF3CFBB3DA}.Debug|x86.Build.0 = Debug|Any CPU
		{C41CE3ED-E560-4930-B905-7DEF3CFBB3DA}.Release|Any CPU.ActiveCfg = Release|Any CPU
		{C41CE3ED-E560-4930-B905-7DEF3CFBB3DA}.Release|Any CPU.Build.0 = Release|Any CPU
		{C41CE3ED-E560-4930-B905-7DEF3CFBB3DA}.Release|x64.ActiveCfg = Release|Any CPU
		{C41CE3ED-E560-4930-B905-7DEF3CFBB3DA}.Release|x64.Build.0 = Release|Any CPU
		{C41CE3ED-E560-4930-B905-7DEF3CFBB3DA}.Release|x86.ActiveCfg = Release|Any CPU
		{C41CE3ED-E560-4930-B905-7DEF3CFBB3DA}.Release|x86.Build.0 = Release|Any CPU
	EndGlobalSection
	GlobalSection(SolutionProperties) = preSolution
		HideSolutionNode = FALSE
	EndGlobalSection
	GlobalSection(NestedProjects) = preSolution
		{0AC6EDFB-DA00-43AF-9F7B-988ADFABF133} = {B11569FB-310C-CD80-7E85-BA1914021490}
		{6BBB213B-1C57-41E3-BCE7-668708611F63} = {09D8FB36-4898-7C8E-B3F7-02AC6C3AAC25}
		{10448306-2E2E-47F3-86DA-0D439E1DF6CE} = {04107616-D916-0EED-B594-AF01AB8247EE}
		{D827F2FF-F78F-2DEA-D0B2-468ADC96E803} = {B3415621-5EBA-1A55-0B57-0078FEC59DC7}
		{76EDE0B0-D440-7CC8-DD2F-CC4AEEB9F74A} = {D827F2FF-F78F-2DEA-D0B2-468ADC96E803}
		{C41CE3ED-E560-4930-B905-7DEF3CFBB3DA} = {76EDE0B0-D440-7CC8-DD2F-CC4AEEB9F74A}
	EndGlobalSection
EndGlobal
